
Microsoft Visual Studio Solution File, Format Version 12.00
# Visual Studio 15
VisualStudioVersion = 15.0.28307.645
MinimumVisualStudioVersion = 10.0.40219.1
Project("{9A19103F-16F7-4668-BE54-9A1E7A4F7556}") = "WebSearchAggregator.WebServer", "WebSearchAggregator.WebServer\WebSearchAggregator.WebServer.csproj", "{937275CA-C692-43AA-9BCE-31D0D01D89A7}"
EndProject
Project("{FAE04EC0-301F-11D3-BF4B-00C04F79EFBC}") = "WebSearchAggregator.Database", "WebSearchAggregator.Database\WebSearchAggregator.Database.csproj", "{C4B4B8E4-5AFA-4E0B-A189-66BF953B3A15}"
EndProject
Global
	GlobalSection(SolutionConfigurationPlatforms) = preSolution
		Debug|Any CPU = Debug|Any CPU
		Release|Any CPU = Release|Any CPU
	EndGlobalSection
	GlobalSection(ProjectConfigurationPlatforms) = postSolution
		{937275CA-C692-43AA-9BCE-31D0D01D89A7}.Debug|Any CPU.ActiveCfg = Debug|Any CPU
		{937275CA-C692-43AA-9BCE-31D0D01D89A7}.Debug|Any CPU.Build.0 = Debug|Any CPU
		{937275CA-C692-43AA-9BCE-31D0D01D89A7}.Release|Any CPU.ActiveCfg = Release|Any CPU
		{937275CA-C692-43AA-9BCE-31D0D01D89A7}.Release|Any CPU.Build.0 = Release|Any CPU
		{C4B4B8E4-5AFA-4E0B-A189-66BF953B3A15}.Debug|Any CPU.ActiveCfg = Debug|Any CPU
		{C4B4B8E4-5AFA-4E0B-A189-66BF953B3A15}.Debug|Any CPU.Build.0 = Debug|Any CPU
		{C4B4B8E4-5AFA-4E0B-A189-66BF953B3A15}.Release|Any CPU.ActiveCfg = Release|Any CPU
		{C4B4B8E4-5AFA-4E0B-A189-66BF953B3A15}.Release|Any CPU.Build.0 = Release|Any CPU
	EndGlobalSection
	GlobalSection(SolutionProperties) = preSolution
		HideSolutionNode = FALSE
	EndGlobalSection
	GlobalSection(ExtensibilityGlobals) = postSolution
		SolutionGuid = {9123EE01-5BBF-4EF6-A99D-494517111AB3}
	EndGlobalSection
EndGlobal
